// !$*UTF8*$!
{
	archiveVersion = 1;
	classes = {
	};
	objectVersion = 46;
	objects = {

/* Begin PBXBuildFile section */
		921FE1471D803FF000047F03 /* PushFromJS.swift in Sources */ = {isa = PBXBuildFile; fileRef = 921FE1461D803FF000047F03 /* PushFromJS.swift */; };
		922B095B1D8148E600A25EFC /* testJS.js in Resources */ = {isa = PBXBuildFile; fileRef = 922B095A1D8148E600A25EFC /* testJS.js */; };
		923CA9171D7FA0220070C6A6 /* AppDelegate.swift in Sources */ = {isa = PBXBuildFile; fileRef = 923CA9161D7FA0220070C6A6 /* AppDelegate.swift */; };
		923CA9191D7FA0220070C6A6 /* ViewController.swift in Sources */ = {isa = PBXBuildFile; fileRef = 923CA9181D7FA0220070C6A6 /* ViewController.swift */; };
		923CA91C1D7FA0220070C6A6 /* Main.storyboard in Resources */ = {isa = PBXBuildFile; fileRef = 923CA91A1D7FA0220070C6A6 /* Main.storyboard */; };
		923CA91E1D7FA0220070C6A6 /* Assets.xcassets in Resources */ = {isa = PBXBuildFile; fileRef = 923CA91D1D7FA0220070C6A6 /* Assets.xcassets */; };
		923CA9211D7FA0220070C6A6 /* LaunchScreen.storyboard in Resources */ = {isa = PBXBuildFile; fileRef = 923CA91F1D7FA0220070C6A6 /* LaunchScreen.storyboard */; };
		923CA92C1D7FA0220070C6A6 /* WebViewDemoTests.swift in Sources */ = {isa = PBXBuildFile; fileRef = 923CA92B1D7FA0220070C6A6 /* WebViewDemoTests.swift */; };
		923CA9371D7FA0220070C6A6 /* WebViewDemoUITests.swift in Sources */ = {isa = PBXBuildFile; fileRef = 923CA9361D7FA0220070C6A6 /* WebViewDemoUITests.swift */; };
		923CA9451D7FAD130070C6A6 /* JSToWebController.swift in Sources */ = {isa = PBXBuildFile; fileRef = 923CA9441D7FAD130070C6A6 /* JSToWebController.swift */; };
		923CA9471D7FB75B0070C6A6 /* WebToJSController.swift in Sources */ = {isa = PBXBuildFile; fileRef = 923CA9461D7FB75B0070C6A6 /* WebToJSController.swift */; };
		923CA9491D800B430070C6A6 /* JSCallOC.html in Resources */ = {isa = PBXBuildFile; fileRef = 923CA9481D800B430070C6A6 /* JSCallOC.html */; };
/* End PBXBuildFile section */

/* Begin PBXContainerItemProxy section */
		923CA9281D7FA0220070C6A6 /* PBXContainerItemProxy */ = {
			isa = PBXContainerItemProxy;
			containerPortal = 923CA90B1D7FA0220070C6A6 /* Project object */;
			proxyType = 1;
			remoteGlobalIDString = 923CA9121D7FA0220070C6A6;
			remoteInfo = WebViewDemo;
		};
		923CA9331D7FA0220070C6A6 /* PBXContainerItemProxy */ = {
			isa = PBXContainerItemProxy;
			containerPortal = 923CA90B1D7FA0220070C6A6 /* Project object */;
			proxyType = 1;
			remoteGlobalIDString = 923CA9121D7FA0220070C6A6;
			remoteInfo = WebViewDemo;
		};
/* End PBXContainerItemProxy section */

/* Begin PBXFileReference section */
		921FE1461D803FF000047F03 /* PushFromJS.swift */ = {isa = PBXFileReference; fileEncoding = 4; lastKnownFileType = sourcecode.swift; path = PushFromJS.swift; sourceTree = "<group>"; };
		922B095A1D8148E600A25EFC /* testJS.js */ = {isa = PBXFileReference; fileEncoding = 4; lastKnownFileType = sourcecode.javascript; path = testJS.js; sourceTree = "<group>"; };
		923CA9131D7FA0220070C6A6 /* WebViewDemo.app */ = {isa = PBXFileReference; explicitFileType = wrapper.application; includeInIndex = 0; path = WebViewDemo.app; sourceTree = BUILT_PRODUCTS_DIR; };
		923CA9161D7FA0220070C6A6 /* AppDelegate.swift */ = {isa = PBXFileReference; lastKnownFileType = sourcecode.swift; path = AppDelegate.swift; sourceTree = "<group>"; };
		923CA9181D7FA0220070C6A6 /* ViewController.swift */ = {isa = PBXFileReference; lastKnownFileType = sourcecode.swift; path = ViewController.swift; sourceTree = "<group>"; };
		923CA91B1D7FA0220070C6A6 /* Base */ = {isa = PBXFileReference; lastKnownFileType = file.storyboard; name = Base; path = Base.lproj/Main.storyboard; sourceTree = "<group>"; };
		923CA91D1D7FA0220070C6A6 /* Assets.xcassets */ = {isa = PBXFileReference; lastKnownFileType = folder.assetcatalog; path = Assets.xcassets; sourceTree = "<group>"; };
		923CA9201D7FA0220070C6A6 /* Base */ = {isa = PBXFileReference; lastKnownFileType = file.storyboard; name = Base; path = Base.lproj/LaunchScreen.storyboard; sourceTree = "<group>"; };
		923CA9221D7FA0220070C6A6 /* Info.plist */ = {isa = PBXFileReference; lastKnownFileType = text.plist.xml; path = Info.plist; sourceTree = "<group>"; };
		923CA9271D7FA0220070C6A6 /* WebViewDemoTests.xctest */ = {isa = PBXFileReference; explicitFileType = wrapper.cfbundle; includeInIndex = 0; path = WebViewDemoTests.xctest; sourceTree = BUILT_PRODUCTS_DIR; };
		923CA92B1D7FA0220070C6A6 /* WebViewDemoTests.swift */ = {isa = PBXFileReference; lastKnownFileType = sourcecode.swift; path = WebViewDemoTests.swift; sourceTree = "<group>"; };
		923CA92D1D7FA0220070C6A6 /* Info.plist */ = {isa = PBXFileReference; lastKnownFileType = text.plist.xml; path = Info.plist; sourceTree = "<group>"; };
		923CA9321D7FA0220070C6A6 /* WebViewDemoUITests.xctest */ = {isa = PBXFileReference; explicitFileType = wrapper.cfbundle; includeInIndex = 0; path = WebViewDemoUITests.xctest; sourceTree = BUILT_PRODUCTS_DIR; };
		923CA9361D7FA0220070C6A6 /* WebViewDemoUITests.swift */ = {isa = PBXFileReference; lastKnownFileType = sourcecode.swift; path = WebViewDemoUITests.swift; sourceTree = "<group>"; };
		923CA9381D7FA0220070C6A6 /* Info.plist */ = {isa = PBXFileReference; lastKnownFileType = text.plist.xml; path = Info.plist; sourceTree = "<group>"; };
		923CA9441D7FAD130070C6A6 /* JSToWebController.swift */ = {isa = PBXFileReference; fileEncoding = 4; lastKnownFileType = sourcecode.swift; path = JSToWebController.swift; sourceTree = "<group>"; };
		923CA9461D7FB75B0070C6A6 /* WebToJSController.swift */ = {isa = PBXFileReference; fileEncoding = 4; lastKnownFileType = sourcecode.swift; path = WebToJSController.swift; sourceTree = "<group>"; };
		923CA9481D800B430070C6A6 /* JSCallOC.html */ = {isa = PBXFileReference; fileEncoding = 4; lastKnownFileType = text.html; path = JSCallOC.html; sourceTree = "<group>"; };
/* End PBXFileReference section */

/* Begin PBXFrameworksBuildPhase section */
		923CA9101D7FA0220070C6A6 /* Frameworks */ = {
			isa = PBXFrameworksBuildPhase;
			buildActionMask = 2147483647;
			files = (
			);
			runOnlyForDeploymentPostprocessing = 0;
		};
		923CA9241D7FA0220070C6A6 /* Frameworks */ = {
			isa = PBXFrameworksBuildPhase;
			buildActionMask = 2147483647;
			files = (
			);
			runOnlyForDeploymentPostprocessing = 0;
		};
		923CA92F1D7FA0220070C6A6 /* Frameworks */ = {
			isa = PBXFrameworksBuildPhase;
			buildActionMask = 2147483647;
			files = (
			);
			runOnlyForDeploymentPostprocessing = 0;
		};
/* End PBXFrameworksBuildPhase section */

/* Begin PBXGroup section */
		923CA90A1D7FA0220070C6A6 = {
			isa = PBXGroup;
			children = (
				923CA9151D7FA0220070C6A6 /* WebViewDemo */,
				923CA92A1D7FA0220070C6A6 /* WebViewDemoTests */,
				923CA9351D7FA0220070C6A6 /* WebViewDemoUITests */,
				923CA9141D7FA0220070C6A6 /* Products */,
			);
			sourceTree = "<group>";
		};
		923CA9141D7FA0220070C6A6 /* Products */ = {
			isa = PBXGroup;
			children = (
				923CA9131D7FA0220070C6A6 /* WebViewDemo.app */,
				923CA9271D7FA0220070C6A6 /* WebViewDemoTests.xctest */,
				923CA9321D7FA0220070C6A6 /* WebViewDemoUITests.xctest */,
			);
			name = Products;
			sourceTree = "<group>";
		};
		923CA9151D7FA0220070C6A6 /* WebViewDemo */ = {
			isa = PBXGroup;
			children = (
				922B095A1D8148E600A25EFC /* testJS.js */,
				923CA9161D7FA0220070C6A6 /* AppDelegate.swift */,
				923CA9181D7FA0220070C6A6 /* ViewController.swift */,
				923CA9441D7FAD130070C6A6 /* JSToWebController.swift */,
				923CA9461D7FB75B0070C6A6 /* WebToJSController.swift */,
				921FE1461D803FF000047F03 /* PushFromJS.swift */,
				923CA9481D800B430070C6A6 /* JSCallOC.html */,
				923CA91A1D7FA0220070C6A6 /* Main.storyboard */,
				923CA91D1D7FA0220070C6A6 /* Assets.xcassets */,
				923CA91F1D7FA0220070C6A6 /* LaunchScreen.storyboard */,
				923CA9221D7FA0220070C6A6 /* Info.plist */,
			);
			path = WebViewDemo;
			sourceTree = "<group>";
		};
		923CA92A1D7FA0220070C6A6 /* WebViewDemoTests */ = {
			isa = PBXGroup;
			children = (
				923CA92B1D7FA0220070C6A6 /* WebViewDemoTests.swift */,
				923CA92D1D7FA0220070C6A6 /* Info.plist */,
			);
			path = WebViewDemoTests;
			sourceTree = "<group>";
		};
		923CA9351D7FA0220070C6A6 /* WebViewDemoUITests */ = {
			isa = PBXGroup;
			children = (
				923CA9361D7FA0220070C6A6 /* WebViewDemoUITests.swift */,
				923CA9381D7FA0220070C6A6 /* Info.plist */,
			);
			path = WebViewDemoUITests;
			sourceTree = "<group>";
		};
/* End PBXGroup section */

/* Begin PBXNativeTarget section */
		923CA9121D7FA0220070C6A6 /* WebViewDemo */ = {
			isa = PBXNativeTarget;
			buildConfigurationList = 923CA93B1D7FA0220070C6A6 /* Build configuration list for PBXNativeTarget "WebViewDemo" */;
			buildPhases = (
				923CA90F1D7FA0220070C6A6 /* Sources */,
				923CA9101D7FA0220070C6A6 /* Frameworks */,
				923CA9111D7FA0220070C6A6 /* Resources */,
			);
			buildRules = (
			);
			dependencies = (
			);
			name = WebViewDemo;
			productName = WebViewDemo;
			productReference = 923CA9131D7FA0220070C6A6 /* WebViewDemo.app */;
			productType = "com.apple.product-type.application";
		};
		923CA9261D7FA0220070C6A6 /* WebViewDemoTests */ = {
			isa = PBXNativeTarget;
			buildConfigurationList = 923CA93E1D7FA0220070C6A6 /* Build configuration list for PBXNativeTarget "WebViewDemoTests" */;
			buildPhases = (
				923CA9231D7FA0220070C6A6 /* Sources */,
				923CA9241D7FA0220070C6A6 /* Frameworks */,
				923CA9251D7FA0220070C6A6 /* Resources */,
			);
			buildRules = (
			);
			dependencies = (
				923CA9291D7FA0220070C6A6 /* PBXTargetDependency */,
			);
			name = WebViewDemoTests;
			productName = WebViewDemoTests;
			productReference = 923CA9271D7FA0220070C6A6 /* WebViewDemoTests.xctest */;
			productType = "com.apple.product-type.bundle.unit-test";
		};
		923CA9311D7FA0220070C6A6 /* WebViewDemoUITests */ = {
			isa = PBXNativeTarget;
			buildConfigurationList = 923CA9411D7FA0220070C6A6 /* Build configuration list for PBXNativeTarget "WebViewDemoUITests" */;
			buildPhases = (
				923CA92E1D7FA0220070C6A6 /* Sources */,
				923CA92F1D7FA0220070C6A6 /* Frameworks */,
				923CA9301D7FA0220070C6A6 /* Resources */,
			);
			buildRules = (
			);
			dependencies = (
				923CA9341D7FA0220070C6A6 /* PBXTargetDependency */,
			);
			name = WebViewDemoUITests;
			productName = WebViewDemoUITests;
			productReference = 923CA9321D7FA0220070C6A6 /* WebViewDemoUITests.xctest */;
			productType = "com.apple.product-type.bundle.ui-testing";
		};
/* End PBXNativeTarget section */

/* Begin PBXProject section */
		923CA90B1D7FA0220070C6A6 /* Project object */ = {
			isa = PBXProject;
			attributes = {
				LastSwiftUpdateCheck = 0730;
				LastUpgradeCheck = 0730;
				ORGANIZATIONNAME = baron;
				TargetAttributes = {
					923CA9121D7FA0220070C6A6 = {
						CreatedOnToolsVersion = 7.3.1;
						LastSwiftMigration = 0800;
					};
					923CA9261D7FA0220070C6A6 = {
						CreatedOnToolsVersion = 7.3.1;
						LastSwiftMigration = 0800;
						TestTargetID = 923CA9121D7FA0220070C6A6;
					};
					923CA9311D7FA0220070C6A6 = {
						CreatedOnToolsVersion = 7.3.1;
						LastSwiftMigration = 0800;
						TestTargetID = 923CA9121D7FA0220070C6A6;
					};
				};
			};
			buildConfigurationList = 923CA90E1D7FA0220070C6A6 /* Build configuration list for PBXProject "WebViewDemo" */;
			compatibilityVersion = "Xcode 3.2";
			developmentRegion = English;
			hasScannedForEncodings = 0;
			knownRegions = (
				en,
				Base,
			);
			mainGroup = 923CA90A1D7FA0220070C6A6;
			productRefGroup = 923CA9141D7FA0220070C6A6 /* Products */;
			projectDirPath = "";
			projectRoot = "";
			targets = (
				923CA9121D7FA0220070C6A6 /* WebViewDemo */,
				923CA9261D7FA0220070C6A6 /* WebViewDemoTests */,
				923CA9311D7FA0220070C6A6 /* WebViewDemoUITests */,
			);
		};
/* End PBXProject section */

/* Begin PBXResourcesBuildPhase section */
		923CA9111D7FA0220070C6A6 /* Resources */ = {
			isa = PBXResourcesBuildPhase;
			buildActionMask = 2147483647;
			files = (
				923CA9211D7FA0220070C6A6 /* LaunchScreen.storyboard in Resources */,
				922B095B1D8148E600A25EFC /* testJS.js in Resources */,
				923CA91E1D7FA0220070C6A6 /* Assets.xcassets in Resources */,
				923CA91C1D7FA0220070C6A6 /* Main.storyboard in Resources */,
				923CA9491D800B430070C6A6 /* JSCallOC.html in Resources */,
			);
			runOnlyForDeploymentPostprocessing = 0;
		};
		923CA9251D7FA0220070C6A6 /* Resources */ = {
			isa = PBXResourcesBuildPhase;
			buildActionMask = 2147483647;
			files = (
			);
			runOnlyForDeploymentPostprocessing = 0;
		};
		923CA9301D7FA0220070C6A6 /* Resources */ = {
			isa = PBXResourcesBuildPhase;
			buildActionMask = 2147483647;
			files = (
			);
			runOnlyForDeploymentPostprocessing = 0;
		};
/* End PBXResourcesBuildPhase section */

/* Begin PBXSourcesBuildPhase section */
		923CA90F1D7FA0220070C6A6 /* Sources */ = {
			isa = PBXSourcesBuildPhase;
			buildActionMask = 2147483647;
			files = (
				921FE1471D803FF000047F03 /* PushFromJS.swift in Sources */,
				923CA9471D7FB75B0070C6A6 /* WebToJSController.swift in Sources */,
				923CA9191D7FA0220070C6A6 /* ViewController.swift in Sources */,
				923CA9451D7FAD130070C6A6 /* JSToWebController.swift in Sources */,
				923CA9171D7FA0220070C6A6 /* AppDelegate.swift in Sources */,
			);
			runOnlyForDeploymentPostprocessing = 0;
		};
		923CA9231D7FA0220070C6A6 /* Sources */ = {
			isa = PBXSourcesBuildPhase;
			buildActionMask = 2147483647;
			files = (
				923CA92C1D7FA0220070C6A6 /* WebViewDemoTests.swift in Sources */,
			);
			runOnlyForDeploymentPostprocessing = 0;
		};
		923CA92E1D7FA0220070C6A6 /* Sources */ = {
			isa = PBXSourcesBuildPhase;
			buildActionMask = 2147483647;
			files = (
				923CA9371D7FA0220070C6A6 /* WebViewDemoUITests.swift in Sources */,
			);
			runOnlyForDeploymentPostprocessing = 0;
		};
/* End PBXSourcesBuildPhase section */

/* Begin PBXTargetDependency section */
		923CA9291D7FA0220070C6A6 /* PBXTargetDependency */ = {
			isa = PBXTargetDependency;
			target = 923CA9121D7FA0220070C6A6 /* WebViewDemo */;
			targetProxy = 923CA9281D7FA0220070C6A6 /* PBXContainerItemProxy */;
		};
		923CA9341D7FA0220070C6A6 /* PBXTargetDependency */ = {
			isa = PBXTargetDependency;
			target = 923CA9121D7FA0220070C6A6 /* WebViewDemo */;
			targetProxy = 923CA9331D7FA0220070C6A6 /* PBXContainerItemProxy */;
		};
/* End PBXTargetDependency section */

/* Begin PBXVariantGroup section */
		923CA91A1D7FA0220070C6A6 /* Main.storyboard */ = {
			isa = PBXVariantGroup;
			children = (
				923CA91B1D7FA0220070C6A6 /* Base */,
			);
			name = Main.storyboard;
			sourceTree = "<group>";
		};
		923CA91F1D7FA0220070C6A6 /* LaunchScreen.storyboard */ = {
			isa = PBXVariantGroup;
			children = (
				923CA9201D7FA0220070C6A6 /* Base */,
			);
			name = LaunchScreen.storyboard;
			sourceTree = "<group>";
		};
/* End PBXVariantGroup section */

/* Begin XCBuildConfiguration section */
		923CA9391D7FA0220070C6A6 /* Debug */ = {
			isa = XCBuildConfiguration;
			buildSettings = {
				ALWAYS_SEARCH_USER_PATHS = NO;
				CLANG_ANALYZER_NONNULL = YES;
				CLANG_CXX_LANGUAGE_STANDARD = "gnu++0x";
				CLANG_CXX_LIBRARY = "libc++";
				CLANG_ENABLE_MODULES = YES;
				CLANG_ENABLE_OBJC_ARC = YES;
				CLANG_WARN_BOOL_CONVERSION = YES;
				CLANG_WARN_CONSTANT_CONVERSION = YES;
				CLANG_WARN_DIRECT_OBJC_ISA_USAGE = YES_ERROR;
				CLANG_WARN_EMPTY_BODY = YES;
				CLANG_WARN_ENUM_CONVERSION = YES;
				CLANG_WARN_INT_CONVERSION = YES;
				CLANG_WARN_OBJC_ROOT_CLASS = YES_ERROR;
				CLANG_WARN_UNREACHABLE_CODE = YES;
				CLANG_WARN__DUPLICATE_METHOD_MATCH = YES;
				"CODE_SIGN_IDENTITY[sdk=iphoneos*]" = "iPhone Developer";
				COPY_PHASE_STRIP = NO;
				DEBUG_INFORMATION_FORMAT = dwarf;
				ENABLE_STRICT_OBJC_MSGSEND = YES;
				ENABLE_TESTABILITY = YES;
				GCC_C_LANGUAGE_STANDARD = gnu99;
				GCC_DYNAMIC_NO_PIC = NO;
				GCC_NO_COMMON_BLOCKS = YES;
				GCC_OPTIMIZATION_LEVEL = 0;
				GCC_PREPROCESSOR_DEFINITIONS = (
					"DEBUG=1",
					"$(inherited)",
				);
				GCC_WARN_64_TO_32_BIT_CONVERSION = YES;
				GCC_WARN_ABOUT_RETURN_TYPE = YES_ERROR;
				GCC_WARN_UNDECLARED_SELECTOR = YES;
				GCC_WARN_UNINITIALIZED_AUTOS = YES_AGGRESSIVE;
				GCC_WARN_UNUSED_FUNCTION = YES;
				GCC_WARN_UNUSED_VARIABLE = YES;
				IPHONEOS_DEPLOYMENT_TARGET = 9.3;
				MTL_ENABLE_DEBUG_INFO = YES;
				ONLY_ACTIVE_ARCH = YES;
				SDKROOT = iphoneos;
				SWIFT_OPTIMIZATION_LEVEL = "-Onone";
			};
			name = Debug;
		};
		923CA93A1D7FA0220070C6A6 /* Release */ = {
			isa = XCBuildConfiguration;
			buildSettings = {
				ALWAYS_SEARCH_USER_PATHS = NO;
				CLANG_ANALYZER_NONNULL = YES;
				CLANG_CXX_LANGUAGE_STANDARD = "gnu++0x";
				CLANG_CXX_LIBRARY = "libc++";
				CLANG_ENABLE_MODULES = YES;
				CLANG_ENABLE_OBJC_ARC = YES;
				CLANG_WARN_BOOL_CONVERSION = YES;
				CLANG_WARN_CONSTANT_CONVERSION = YES;
				CLANG_WARN_DIRECT_OBJC_ISA_USAGE = YES_ERROR;
				CLANG_WARN_EMPTY_BODY = YES;
				CLANG_WARN_ENUM_CONVERSION = YES;
				CLANG_WARN_INT_CONVERSION = YES;
				CLANG_WARN_OBJC_ROOT_CLASS = YES_ERROR;
				CLANG_WARN_UNREACHABLE_CODE = YES;
				CLANG_WARN__DUPLICATE_METHOD_MATCH = YES;
				"CODE_SIGN_IDENTITY[sdk=iphoneos*]" = "iPhone Developer";
				COPY_PHASE_STRIP = NO;
				DEBUG_INFORMATION_FORMAT = "dwarf-with-dsym";
				ENABLE_NS_ASSERTIONS = NO;
				ENABLE_STRICT_OBJC_MSGSEND = YES;
				GCC_C_LANGUAGE_STANDARD = gnu99;
				GCC_NO_COMMON_BLOCKS = YES;
				GCC_WARN_64_TO_32_BIT_CONVERSION = YES;
				GCC_WARN_ABOUT_RETURN_TYPE = YES_ERROR;
				GCC_WARN_UNDECLARED_SELECTOR = YES;
				GCC_WARN_UNINITIALIZED_AUTOS = YES_AGGRESSIVE;
				GCC_WARN_UNUSED_FUNCTION = YES;
				GCC_WARN_UNUSED_VARIABLE = YES;
				IPHONEOS_DEPLOYMENT_TARGET = 9.3;
				MTL_ENABLE_DEBUG_INFO = NO;
				SDKROOT = iphoneos;
				VALIDATE_PRODUCT = YES;
			};
			name = Release;
		};
		923CA93C1D7FA0220070C6A6 /* Debug */ = {
			isa = XCBuildConfiguration;
			buildSettings = {
				ASSETCATALOG_COMPILER_APPICON_NAME = AppIcon;
				INFOPLIST_FILE = WebViewDemo/Info.plist;
				LD_RUNPATH_SEARCH_PATHS = "$(inherited) @executable_path/Frameworks";
				PRODUCT_BUNDLE_IDENTIFIER = com.cjatech.WebViewDemo;
				PRODUCT_NAME = "$(TARGET_NAME)";
				SWIFT_VERSION = 3.0;
			};
			name = Debug;
		};
		923CA93D1D7FA0220070C6A6 /* Release */ = {
			isa = XCBuildConfiguration;
			buildSettings = {
				ASSETCATALOG_COMPILER_APPICON_NAME = AppIcon;
				INFOPLIST_FILE = WebViewDemo/Info.plist;
				LD_RUNPATH_SEARCH_PATHS = "$(inherited) @executable_path/Frameworks";
				PRODUCT_BUNDLE_IDENTIFIER = com.cjatech.WebViewDemo;
				PRODUCT_NAME = "$(TARGET_NAME)";
				SWIFT_VERSION = 3.0;
			};
			name = Release;
		};
		923CA93F1D7FA0220070C6A6 /* Debug */ = {
			isa = XCBuildConfiguration;
			buildSettings = {
				BUNDLE_LOADER = "$(TEST_HOST)";
				INFOPLIST_FILE = WebViewDemoTests/Info.plist;
				LD_RUNPATH_SEARCH_PATHS = "$(inherited) @executable_path/Frameworks @loader_path/Frameworks";
				PRODUCT_BUNDLE_IDENTIFIER = com.cjatech.WebViewDemoTests;
				PRODUCT_NAME = "$(TARGET_NAME)";
				SWIFT_VERSION = 3.0;
				TEST_HOST = "$(BUILT_PRODUCTS_DIR)/WebViewDemo.app/WebViewDemo";
			};
			name = Debug;
		};
		923CA9401D7FA0220070C6A6 /* Release */ = {
			isa = XCBuildConfiguration;
			buildSettings = {
				BUNDLE_LOADER = "$(TEST_HOST)";
				INFOPLIST_FILE = WebViewDemoTests/Info.plist;
				LD_RUNPATH_SEARCH_PATHS = "$(inherited) @executable_path/Frameworks @loader_path/Frameworks";
				PRODUCT_BUNDLE_IDENTIFIER = com.cjatech.WebViewDemoTests;
				PRODUCT_NAME = "$(TARGET_NAME)";
				SWIFT_VERSION = 3.0;
				TEST_HOST = "$(BUILT_PRODUCTS_DIR)/WebViewDemo.app/WebViewDemo";
			};
			name = Release;
		};
		923CA9421D7FA0220070C6A6 /* Debug */ = {
			isa = XCBuildConfiguration;
			buildSettings = {
				INFOPLIST_FILE = WebViewDemoUITests/Info.plist;
				LD_RUNPATH_SEARCH_PATHS = "$(inherited) @executable_path/Frameworks @loader_path/Frameworks";
				PRODUCT_BUNDLE_IDENTIFIER = com.cjatech.WebViewDemoUITests;
				PRODUCT_NAME = "$(TARGET_NAME)";
				SWIFT_VERSION = 3.0;
				TEST_TARGET_NAME = WebViewDemo;
			};
			name = Debug;
		};
		923CA9431D7FA0220070C6A6 /* Release */ = {
			isa = XCBuildConfiguration;
			buildSettings = {
				INFOPLIST_FILE = WebViewDemoUITests/Info.plist;
				LD_RUNPATH_SEARCH_PATHS = "$(inherited) @executable_path/Frameworks @loader_path/Frameworks";
				PRODUCT_BUNDLE_IDENTIFIER = com.cjatech.WebViewDemoUITests;
				PRODUCT_NAME = "$(TARGET_NAME)";
				SWIFT_VERSION = 3.0;
				TEST_TARGET_NAME = WebViewDemo;
			};
			name = Release;
		};
/* End XCBuildConfiguration section */

/* Begin XCConfigurationList section */
		923CA90E1D7FA0220070C6A6 /* Build configuration list for PBXProject "WebViewDemo" */ = {
			isa = XCConfigurationList;
			buildConfigurations = (
				923CA9391D7FA0220070C6A6 /* Debug */,
				923CA93A1D7FA0220070C6A6 /* Release */,
			);
			defaultConfigurationIsVisible = 0;
			defaultConfigurationName = Release;
		};
		923CA93B1D7FA0220070C6A6 /* Build configuration list for PBXNativeTarget "WebViewDemo" */ = {
			isa = XCConfigurationList;
			buildConfigurations = (
				923CA93C1D7FA0220070C6A6 /* Debug */,
				923CA93D1D7FA0220070C6A6 /* Release */,
			);
			defaultConfigurationIsVisible = 0;
			defaultConfigurationName = Release;
		};
		923CA93E1D7FA0220070C6A6 /* Build configuration list for PBXNativeTarget "WebViewDemoTests" */ = {
			isa = XCConfigurationList;
			buildConfigurations = (
				923CA93F1D7FA0220070C6A6 /* Debug */,
				923CA9401D7FA0220070C6A6 /* Release */,
			);
			defaultConfigurationIsVisible = 0;
			defaultConfigurationName = Release;
		};
		923CA9411D7FA0220070C6A6 /* Build configuration list for PBXNativeTarget "WebViewDemoUITests" */ = {
			isa = XCConfigurationList;
			buildConfigurations = (
				923CA9421D7FA0220070C6A6 /* Debug */,
				923CA9431D7FA0220070C6A6 /* Release */,
			);
			defaultConfigurationIsVisible = 0;
			defaultConfigurationName = Release;
		};
/* End XCConfigurationList section */
	};
	rootObject = 923CA90B1D7FA0220070C6A6 /* Project object */;
}
